
Microsoft Visual Studio Solution File, Format Version 12.00
# Visual Studio 15
VisualStudioVersion = 15.0.28307.168
MinimumVisualStudioVersion = 10.0.40219.1
Project("{FAE04EC0-301F-11D3-BF4B-00C04F79EFBC}") = "UseOfDynamic", "UseOfDynamic\UseOfDynamic.csproj", "{9917CB4E-7D70-4B7C-980C-7BDAF4B202A1}"
EndProject
Global
	GlobalSection(SolutionConfigurationPlatforms) = preSolution
		Debug|Any CPU = Debug|Any CPU
		Release|Any CPU = Release|Any CPU
	EndGlobalSection
	GlobalSection(ProjectConfigurationPlatforms) = postSolution
		{9917CB4E-7D70-4B7C-980C-7BDAF4B202A1}.Debug|Any CPU.ActiveCfg = Debug|Any CPU
		{9917CB4E-7D70-4B7C-980C-7BDAF4B202A1}.Debug|Any CPU.Build.0 = Debug|Any CPU
		{9917CB4E-7D70-4B7C-980C-7BDAF4B202A1}.Release|Any CPU.ActiveCfg = Release|Any CPU
		{9917CB4E-7D70-4B7C-980C-7BDAF4B202A1}.Release|Any CPU.Build.0 = Release|Any CPU
	EndGlobalSection
	GlobalSection(SolutionProperties) = preSolution
		HideSolutionNode = FALSE
	EndGlobalSection
	GlobalSection(ExtensibilityGlobals) = postSolution
		SolutionGuid = {2D87E052-1662-4BDB-BFD9-9AFFFB97A68C}
	EndGlobalSection
EndGlobal
